{
    "_readme": [
        "This file locks the dependencies of your project to a known state",
        "Read more about it at https://getcomposer.org/doc/01-basic-usage.md#composer-lock-the-lock-file",
        "This file is @generated automatically"
    ],
    "content-hash": "454f6e9757c64277dc0887d33e579673",
    "packages": [
        {
            "name": "genial-framework/env",
            "version": "v1.1.2",
            "source": {
                "type": "git",
                "url": "https://github.com/Genial-Framework/Env.git",
                "reference": "c6db904546c1d34b91ca03e4dd007e4d30719fa9"
            },
            "dist": {
                "type": "zip",
                "url": "https://api.github.com/repos/Genial-Framework/Env/zipball/c6db904546c1d34b91ca03e4dd007e4d30719fa9",
                "reference": "c6db904546c1d34b91ca03e4dd007e4d30719fa9",
                "shasum": ""
            },
            "require": {
                "php": "^7.0"
            },
            "require-dev": {
                "phpunit/phpunit": "^6.5"
            },
            "type": "library",
            "autoload": {
                "psr-4": {
                    "Genial\\Env\\": "src/"
                },
                "files": [
                    "main.bootstrap.php"
                ]
            },
            "notification-url": "https://packagist.org/downloads/",
            "license": [
                "BSD-3-Clause"
            ],
            "authors": [
                {
                    "name": "Nicholas English",
                    "email": "nenglish0820@outlook.com",
                    "homepage": "https://github.com/Nenglish7",
                    "role": "Developer"
                },
                {
                    "name": "Genial Contributors",
                    "homepage": "https://github.com/orgs/Genial-Framework/people",
                    "role": "Contribute"
                }
            ],
            "description": "Env configuration file adapter for Genial Framework.",
            "homepage": "https://github.com/Genial-Framework/Env",
            "keywords": [
                "PHP7",
                "configuration",
                "enviroment",
                "genial-framework",
                "library",
                "php-framework"
            ],
            "time": "2017-12-21T03:05:02+00:00"
        }
    ],
    "packages-dev": [],
    "aliases": [],
    "minimum-stability": "stable",
    "stability-flags": [],
    "prefer-stable": false,
    "prefer-lowest": false,
    "platform": [],
    "platform-dev": []
}
